{
  "name": "my-react-examples",
  "version": "0.1.0",
  "lockfileVersion": 2,
  "requires": true,
  "packages": {
    "": {
      "version": "0.1.0",
      "dependencies": {
        "react": "18.0.0-alpha-01be61c12",
        "react-test-renderer": "18.0.0-alpha-01be61c12"
      },
      "devDependencies": {
        "prettier": "^2.3.1"
      }
    },
    "node_modules/js-tokens": {
      "version": "4.0.0",
      "resolved": "https://registry.npmjs.org/js-tokens/-/js-tokens-4.0.0.tgz",
      "integrity": "sha512-RdJUflcE3cUzKiMqQgsCu06FPu9UdIJO0beYbPhHN4k6apgJtifcoCtT9bcxOpYBtpD2kCM6Sbzg4CausW/PKQ=="
    },
    "node_modules/loose-envify": {
      "version": "1.4.0",
      "resolved": "https://registry.npmjs.org/loose-envify/-/loose-envify-1.4.0.tgz",
      "integrity": "sha512-lyuxPGr/Wfhrlem2CL/UcnUc1zcqKAImBDzukY7Y5F/yQiNdko6+fRLevlw1HgMySw7f611UIY408EtxRSoK3Q==",
      "dependencies": {
        "js-tokens": "^3.0.0 || ^4.0.0"
      },
      "bin": {
        "loose-envify": "cli.js"
      }
    },
    "node_modules/object-assign": {
      "version": "4.1.1",
      "resolved": "https://registry.npmjs.org/object-assign/-/object-assign-4.1.1.tgz",
      "integrity": "sha1-IQmtx5ZYh8/AXLvUQsrIv7s2CGM=",
      "engines": {
        "node": ">=0.10.0"
      }
    },
    "node_modules/prettier": {
      "version": "2.3.1",
      "resolved": "https://registry.npmjs.org/prettier/-/prettier-2.3.1.tgz",
      "integrity": "sha512-p+vNbgpLjif/+D+DwAZAbndtRrR0md0MwfmOVN9N+2RgyACMT+7tfaRnT+WDPkqnuVwleyuBIG2XBxKDme3hPA==",
      "dev": true,
      "bin": {
        "prettier": "bin-prettier.js"
      },
      "engines": {
        "node": ">=10.13.0"
      }
    },
    "node_modules/react": {
      "version": "18.0.0-alpha-01be61c12",
      "resolved": "https://registry.npmjs.org/react/-/react-18.0.0-alpha-01be61c12.tgz",
      "integrity": "sha512-pXuZmtfbBQ5GvKKND3pnU/a9egeeHNCA6xnB3itvoYOx3ryNe4NAsL2X9CwLNPoIKnVrgjmE6NYij0GsnLtKLA==",
      "dependencies": {
        "loose-envify": "^1.1.0",
        "object-assign": "^4.1.1"
      },
      "engines": {
        "node": ">=0.10.0"
      }
    },
    "node_modules/react-is": {
      "version": "18.0.0-alpha-01be61c12",
      "resolved": "https://registry.npmjs.org/react-is/-/react-is-18.0.0-alpha-01be61c12.tgz",
      "integrity": "sha512-zqOhK0oq7jG39rkqV1R/DdWWc1jBEUoXVFr9pEJWkcc1IcJepJW5jRtO9zYx7AJwZyZt0hIUQtyasHJl0vDPZw=="
    },
    "node_modules/react-shallow-renderer": {
      "version": "16.14.1",
      "resolved": "https://registry.npmjs.org/react-shallow-renderer/-/react-shallow-renderer-16.14.1.tgz",
      "integrity": "sha512-rkIMcQi01/+kxiTE9D3fdS959U1g7gs+/rborw++42m1O9FAQiNI/UNRZExVUoAOprn4umcXf+pFRou8i4zuBg==",
      "dependencies": {
        "object-assign": "^4.1.1",
        "react-is": "^16.12.0 || ^17.0.0"
      },
      "peerDependencies": {
        "react": "^16.0.0 || ^17.0.0"
      }
    },
    "node_modules/react-shallow-renderer/node_modules/react-is": {
      "version": "17.0.2",
      "resolved": "https://registry.npmjs.org/react-is/-/react-is-17.0.2.tgz",
      "integrity": "sha512-w2GsyukL62IJnlaff/nRegPQR94C/XXamvMWmSHRJ4y7Ts/4ocGRmTHvOs8PSE6pB3dWOrD/nueuU5sduBsQ4w=="
    },
    "node_modules/react-test-renderer": {
      "version": "18.0.0-alpha-01be61c12",
      "resolved": "https://registry.npmjs.org/react-test-renderer/-/react-test-renderer-18.0.0-alpha-01be61c12.tgz",
      "integrity": "sha512-s7b5h7ufmd6cISWDKRw1nzoxKkiltYSFD5OC8PdIEBRInSjaYTU8CigPVnPaTmFpw/nSN9TWCwJpSvAha/SpAg==",
      "dependencies": {
        "object-assign": "^4.1.1",
        "react-is": "18.0.0-alpha-01be61c12",
        "react-shallow-renderer": "^16.13.1",
        "scheduler": "0.21.0-alpha-01be61c12"
      },
      "peerDependencies": {
        "react": "18.0.0-alpha-01be61c12"
      }
    },
    "node_modules/scheduler": {
      "version": "0.21.0-alpha-01be61c12",
      "resolved": "https://registry.npmjs.org/scheduler/-/scheduler-0.21.0-alpha-01be61c12.tgz",
      "integrity": "sha512-nGGdHmm47W+2iwTmtgSCWjt2EUBM0ysBSKjQofXBqpYFq7w6Jkg7XbfxYVY+u9iUKKSg/gSbNYbcphv2N2WI0A==",
      "dependencies": {
        "loose-envify": "^1.1.0",
        "object-assign": "^4.1.1"
      }
    }
  },
  "dependencies": {
    "js-tokens": {
      "version": "4.0.0",
      "resolved": "https://registry.npmjs.org/js-tokens/-/js-tokens-4.0.0.tgz",
      "integrity": "sha512-RdJUflcE3cUzKiMqQgsCu06FPu9UdIJO0beYbPhHN4k6apgJtifcoCtT9bcxOpYBtpD2kCM6Sbzg4CausW/PKQ=="
    },
    "loose-envify": {
      "version": "1.4.0",
      "resolved": "https://registry.npmjs.org/loose-envify/-/loose-envify-1.4.0.tgz",
      "integrity": "sha512-lyuxPGr/Wfhrlem2CL/UcnUc1zcqKAImBDzukY7Y5F/yQiNdko6+fRLevlw1HgMySw7f611UIY408EtxRSoK3Q==",
      "requires": {
        "js-tokens": "^3.0.0 || ^4.0.0"
      }
    },
    "object-assign": {
      "version": "4.1.1",
      "resolved": "https://registry.npmjs.org/object-assign/-/object-assign-4.1.1.tgz",
      "integrity": "sha1-IQmtx5ZYh8/AXLvUQsrIv7s2CGM="
    },
    "prettier": {
      "version": "2.3.1",
      "resolved": "https://registry.npmjs.org/prettier/-/prettier-2.3.1.tgz",
      "integrity": "sha512-p+vNbgpLjif/+D+DwAZAbndtRrR0md0MwfmOVN9N+2RgyACMT+7tfaRnT+WDPkqnuVwleyuBIG2XBxKDme3hPA==",
      "dev": true
    },
    "react": {
      "version": "18.0.0-alpha-01be61c12",
      "resolved": "https://registry.npmjs.org/react/-/react-18.0.0-alpha-01be61c12.tgz",
      "integrity": "sha512-pXuZmtfbBQ5GvKKND3pnU/a9egeeHNCA6xnB3itvoYOx3ryNe4NAsL2X9CwLNPoIKnVrgjmE6NYij0GsnLtKLA==",
      "requires": {
        "loose-envify": "^1.1.0",
        "object-assign": "^4.1.1"
      }
    },
    "react-is": {
      "version": "18.0.0-alpha-01be61c12",
      "resolved": "https://registry.npmjs.org/react-is/-/react-is-18.0.0-alpha-01be61c12.tgz",
      "integrity": "sha512-zqOhK0oq7jG39rkqV1R/DdWWc1jBEUoXVFr9pEJWkcc1IcJepJW5jRtO9zYx7AJwZyZt0hIUQtyasHJl0vDPZw=="
    },
    "react-shallow-renderer": {
      "version": "16.14.1",
      "resolved": "https://registry.npmjs.org/react-shallow-renderer/-/react-shallow-renderer-16.14.1.tgz",
      "integrity": "sha512-rkIMcQi01/+kxiTE9D3fdS959U1g7gs+/rborw++42m1O9FAQiNI/UNRZExVUoAOprn4umcXf+pFRou8i4zuBg==",
      "requires": {
        "object-assign": "^4.1.1",
        "react-is": "^16.12.0 || ^17.0.0"
      },
      "dependencies": {
        "react-is": {
          "version": "17.0.2",
          "resolved": "https://registry.npmjs.org/react-is/-/react-is-17.0.2.tgz",
          "integrity": "sha512-w2GsyukL62IJnlaff/nRegPQR94C/XXamvMWmSHRJ4y7Ts/4ocGRmTHvOs8PSE6pB3dWOrD/nueuU5sduBsQ4w=="
        }
      }
    },
    "react-test-renderer": {
      "version": "18.0.0-alpha-01be61c12",
      "resolved": "https://registry.npmjs.org/react-test-renderer/-/react-test-renderer-18.0.0-alpha-01be61c12.tgz",
      "integrity": "sha512-s7b5h7ufmd6cISWDKRw1nzoxKkiltYSFD5OC8PdIEBRInSjaYTU8CigPVnPaTmFpw/nSN9TWCwJpSvAha/SpAg==",
      "requires": {
        "object-assign": "^4.1.1",
        "react-is": "18.0.0-alpha-01be61c12",
        "react-shallow-renderer": "^16.13.1",
        "scheduler": "0.21.0-alpha-01be61c12"
      }
    },
    "scheduler": {
      "version": "0.21.0-alpha-01be61c12",
      "resolved": "https://registry.npmjs.org/scheduler/-/scheduler-0.21.0-alpha-01be61c12.tgz",
      "integrity": "sha512-nGGdHmm47W+2iwTmtgSCWjt2EUBM0ysBSKjQofXBqpYFq7w6Jkg7XbfxYVY+u9iUKKSg/gSbNYbcphv2N2WI0A==",
      "requires": {
        "loose-envify": "^1.1.0",
        "object-assign": "^4.1.1"
      }
    }
  }
}
